{
  "name": "create-react-express-app",
  "version": "1.0.0",
  "lockfileVersion": 1,
  "requires": true,
  "dependencies": {
    "react-google-login-component": {
      "version": "0.9.1",
      "resolved": "https://registry.npmjs.org/react-google-login-component/-/react-google-login-component-0.9.1.tgz",
      "integrity": "sha1-Ewk0r6NEW/IuqJbVjE8tXjj+PA0="
    }
  }
}
